
Microsoft Visual Studio Solution File, Format Version 12.00
# Visual Studio Version 16
VisualStudioVersion = 16.0.30621.155
MinimumVisualStudioVersion = 10.0.40219.1
Project("{9A19103F-16F7-4668-BE54-9A1E7A4F7556}") = "Project0", "Project0.csproj", "{0B71EA12-D7E7-41CA-9D21-AD51AD44B072}"
EndProject
Project("{FAE04EC0-301F-11D3-BF4B-00C04F79EFBC}") = "Project0.ConsoleApp", "..\Project0.ConsoleApp\Project0.ConsoleApp.csproj", "{B8C5DEE0-5A95-4AAF-BD21-CC826F40E8D6}"
EndProject
Project("{FAE04EC0-301F-11D3-BF4B-00C04F79EFBC}") = "Project0.Library", "..\Project0.Library\Project0.Library.csproj", "{0BE1B5B8-5477-4753-9EB8-D73E3610CB60}"
EndProject
Global
	GlobalSection(SolutionConfigurationPlatforms) = preSolution
		Debug|Any CPU = Debug|Any CPU
		Release|Any CPU = Release|Any CPU
	EndGlobalSection
	GlobalSection(ProjectConfigurationPlatforms) = postSolution
		{0B71EA12-D7E7-41CA-9D21-AD51AD44B072}.Debug|Any CPU.ActiveCfg = Debug|Any CPU
		{0B71EA12-D7E7-41CA-9D21-AD51AD44B072}.Debug|Any CPU.Build.0 = Debug|Any CPU
		{0B71EA12-D7E7-41CA-9D21-AD51AD44B072}.Release|Any CPU.ActiveCfg = Release|Any CPU
		{0B71EA12-D7E7-41CA-9D21-AD51AD44B072}.Release|Any CPU.Build.0 = Release|Any CPU
		{B8C5DEE0-5A95-4AAF-BD21-CC826F40E8D6}.Debug|Any CPU.ActiveCfg = Debug|Any CPU
		{B8C5DEE0-5A95-4AAF-BD21-CC826F40E8D6}.Debug|Any CPU.Build.0 = Debug|Any CPU
		{B8C5DEE0-5A95-4AAF-BD21-CC826F40E8D6}.Release|Any CPU.ActiveCfg = Release|Any CPU
		{B8C5DEE0-5A95-4AAF-BD21-CC826F40E8D6}.Release|Any CPU.Build.0 = Release|Any CPU
		{0BE1B5B8-5477-4753-9EB8-D73E3610CB60}.Debug|Any CPU.ActiveCfg = Debug|Any CPU
		{0BE1B5B8-5477-4753-9EB8-D73E3610CB60}.Debug|Any CPU.Build.0 = Debug|Any CPU
		{0BE1B5B8-5477-4753-9EB8-D73E3610CB60}.Release|Any CPU.ActiveCfg = Release|Any CPU
		{0BE1B5B8-5477-4753-9EB8-D73E3610CB60}.Release|Any CPU.Build.0 = Release|Any CPU
	EndGlobalSection
	GlobalSection(SolutionProperties) = preSolution
		HideSolutionNode = FALSE
	EndGlobalSection
	GlobalSection(ExtensibilityGlobals) = postSolution
		SolutionGuid = {3E05E90F-2ED7-47C9-A912-BC34B30F4EC5}
	EndGlobalSection
EndGlobal
